PODS:
  - Alamofire (5.8.1)
  - PanModal (1.2.7)
  - SDWebImage (5.18.7):
    - SDWebImage/Core (= 5.18.7)
  - SDWebImage/Core (5.18.7)
  - SVProgressHUD (2.3.1):
    - SVProgressHUD/Core (= 2.3.1)
  - SVProgressHUD/Core (2.3.1)

DEPENDENCIES:
  - Alamofire
  - PanModal
  - SDWebImage
  - SVProgressHUD

SPEC REPOS:
  trunk:
    - Alamofire
    - PanModal
    - SDWebImage
    - SVProgressHUD

SPEC CHECKSUMS:
  Alamofire: 3ca42e259043ee0dc5c0cdd76c4bc568b8e42af7
  PanModal: 3e16ead1a907fb06f4df3f13492fd00149fa4974
  SDWebImage: f9258c58221ed854cfa0e2b80ee4033710b1c6d3
  SVProgressHUD: 4837c74bdfe2e51e8821c397825996a8d7de6e22

PODFILE CHECKSUM: f0e5d8c7bcf391f2c938f8f539ea1aad62abbd79

COCOAPODS: 1.11.3
